
Microsoft Visual Studio Solution File, Format Version 12.00
# Visual Studio Version 16
VisualStudioVersion = 16.0.33130.400
MinimumVisualStudioVersion = 10.0.40219.1
Project("{8BC9CEB8-8B4A-11D0-8D11-00A0C91BC942}") = "2178-미로탐색", "2178-미로탐색\2178-미로탐색.vcxproj", "{F8626D44-9127-4DFA-8BC7-97DAD6BDFB13}"
EndProject
Project("{8BC9CEB8-8B4A-11D0-8D11-00A0C91BC942}") = "1012-유기농 배추", "1012-유기농 배추\1012-유기농 배추.vcxproj", "{0E0B3D14-8731-4EC1-8C4F-345CC4CA5325}"
EndProject
Project("{8BC9CEB8-8B4A-11D0-8D11-00A0C91BC942}") = "2468-안전영역", "2468-안전영역\2468-안전영역.vcxproj", "{4D74D15F-9362-4420-82A7-72BA293E3F9F}"
EndProject
Project("{8BC9CEB8-8B4A-11D0-8D11-00A0C91BC942}") = "2583-영역구하기", "2583-영역구하기\2583-영역구하기.vcxproj", "{D208F6FA-1B92-41B6-B026-2DA890E05337}"
EndProject
Project("{8BC9CEB8-8B4A-11D0-8D11-00A0C91BC942}") = "1992-쿼드트리", "1992-쿼드트리\1992-쿼드트리.vcxproj", "{056DA232-59EC-4FA9-88E1-D129A22B39B1}"
EndProject
Project("{8BC9CEB8-8B4A-11D0-8D11-00A0C91BC942}") = "2828-사과담기게임", "2828-사과담기게임\2828-사과담기게임.vcxproj", "{9125AD3E-6843-41F7-8A36-262E89D98CA9}"
EndProject
Project("{8BC9CEB8-8B4A-11D0-8D11-00A0C91BC942}") = "2910-빈도정렬", "2910-빈도정렬\2910-빈도정렬.vcxproj", "{AAA94269-B8CF-4410-871A-F017DFF8154D}"
EndProject
Global
	GlobalSection(SolutionConfigurationPlatforms) = preSolution
		Debug|x64 = Debug|x64
		Debug|x86 = Debug|x86
		Release|x64 = Release|x64
		Release|x86 = Release|x86
	EndGlobalSection
	GlobalSection(ProjectConfigurationPlatforms) = postSolution
		{F8626D44-9127-4DFA-8BC7-97DAD6BDFB13}.Debug|x64.ActiveCfg = Debug|x64
		{F8626D44-9127-4DFA-8BC7-97DAD6BDFB13}.Debug|x64.Build.0 = Debug|x64
		{F8626D44-9127-4DFA-8BC7-97DAD6BDFB13}.Debug|x86.ActiveCfg = Debug|Win32
		{F8626D44-9127-4DFA-8BC7-97DAD6BDFB13}.Debug|x86.Build.0 = Debug|Win32
		{F8626D44-9127-4DFA-8BC7-97DAD6BDFB13}.Release|x64.ActiveCfg = Release|x64
		{F8626D44-9127-4DFA-8BC7-97DAD6BDFB13}.Release|x64.Build.0 = Release|x64
		{F8626D44-9127-4DFA-8BC7-97DAD6BDFB13}.Release|x86.ActiveCfg = Release|Win32
		{F8626D44-9127-4DFA-8BC7-97DAD6BDFB13}.Release|x86.Build.0 = Release|Win32
		{0E0B3D14-8731-4EC1-8C4F-345CC4CA5325}.Debug|x64.ActiveCfg = Debug|x64
		{0E0B3D14-8731-4EC1-8C4F-345CC4CA5325}.Debug|x64.Build.0 = Debug|x64
		{0E0B3D14-8731-4EC1-8C4F-345CC4CA5325}.Debug|x86.ActiveCfg = Debug|Win32
		{0E0B3D14-8731-4EC1-8C4F-345CC4CA5325}.Debug|x86.Build.0 = Debug|Win32
		{0E0B3D14-8731-4EC1-8C4F-345CC4CA5325}.Release|x64.ActiveCfg = Release|x64
		{0E0B3D14-8731-4EC1-8C4F-345CC4CA5325}.Release|x64.Build.0 = Release|x64
		{0E0B3D14-8731-4EC1-8C4F-345CC4CA5325}.Release|x86.ActiveCfg = Release|Win32
		{0E0B3D14-8731-4EC1-8C4F-345CC4CA5325}.Release|x86.Build.0 = Release|Win32
		{4D74D15F-9362-4420-82A7-72BA293E3F9F}.Debug|x64.ActiveCfg = Debug|x64
		{4D74D15F-9362-4420-82A7-72BA293E3F9F}.Debug|x64.Build.0 = Debug|x64
		{4D74D15F-9362-4420-82A7-72BA293E3F9F}.Debug|x86.ActiveCfg = Debug|Win32
		{4D74D15F-9362-4420-82A7-72BA293E3F9F}.Debug|x86.Build.0 = Debug|Win32
		{4D74D15F-9362-4420-82A7-72BA293E3F9F}.Release|x64.ActiveCfg = Release|x64
		{4D74D15F-9362-4420-82A7-72BA293E3F9F}.Release|x64.Build.0 = Release|x64
		{4D74D15F-9362-4420-82A7-72BA293E3F9F}.Release|x86.ActiveCfg = Release|Win32
		{4D74D15F-9362-4420-82A7-72BA293E3F9F}.Release|x86.Build.0 = Release|Win32
		{D208F6FA-1B92-41B6-B026-2DA890E05337}.Debug|x64.ActiveCfg = Debug|x64
		{D208F6FA-1B92-41B6-B026-2DA890E05337}.Debug|x64.Build.0 = Debug|x64
		{D208F6FA-1B92-41B6-B026-2DA890E05337}.Debug|x86.ActiveCfg = Debug|Win32
		{D208F6FA-1B92-41B6-B026-2DA890E05337}.Debug|x86.Build.0 = Debug|Win32
		{D208F6FA-1B92-41B6-B026-2DA890E05337}.Release|x64.ActiveCfg = Release|x64
		{D208F6FA-1B92-41B6-B026-2DA890E05337}.Release|x64.Build.0 = Release|x64
		{D208F6FA-1B92-41B6-B026-2DA890E05337}.Release|x86.ActiveCfg = Release|Win32
		{D208F6FA-1B92-41B6-B026-2DA890E05337}.Release|x86.Build.0 = Release|Win32
		{056DA232-59EC-4FA9-88E1-D129A22B39B1}.Debug|x64.ActiveCfg = Debug|x64
		{056DA232-59EC-4FA9-88E1-D129A22B39B1}.Debug|x64.Build.0 = Debug|x64
		{056DA232-59EC-4FA9-88E1-D129A22B39B1}.Debug|x86.ActiveCfg = Debug|Win32
		{056DA232-59EC-4FA9-88E1-D129A22B39B1}.Debug|x86.Build.0 = Debug|Win32
		{056DA232-59EC-4FA9-88E1-D129A22B39B1}.Release|x64.ActiveCfg = Release|x64
		{056DA232-59EC-4FA9-88E1-D129A22B39B1}.Release|x64.Build.0 = Release|x64
		{056DA232-59EC-4FA9-88E1-D129A22B39B1}.Release|x86.ActiveCfg = Release|Win32
		{056DA232-59EC-4FA9-88E1-D129A22B39B1}.Release|x86.Build.0 = Release|Win32
		{9125AD3E-6843-41F7-8A36-262E89D98CA9}.Debug|x64.ActiveCfg = Debug|x64
		{9125AD3E-6843-41F7-8A36-262E89D98CA9}.Debug|x64.Build.0 = Debug|x64
		{9125AD3E-6843-41F7-8A36-262E89D98CA9}.Debug|x86.ActiveCfg = Debug|Win32
		{9125AD3E-6843-41F7-8A36-262E89D98CA9}.Debug|x86.Build.0 = Debug|Win32
		{9125AD3E-6843-41F7-8A36-262E89D98CA9}.Release|x64.ActiveCfg = Release|x64
		{9125AD3E-6843-41F7-8A36-262E89D98CA9}.Release|x64.Build.0 = Release|x64
		{9125AD3E-6843-41F7-8A36-262E89D98CA9}.Release|x86.ActiveCfg = Release|Win32
		{9125AD3E-6843-41F7-8A36-262E89D98CA9}.Release|x86.Build.0 = Release|Win32
		{AAA94269-B8CF-4410-871A-F017DFF8154D}.Debug|x64.ActiveCfg = Debug|x64
		{AAA94269-B8CF-4410-871A-F017DFF8154D}.Debug|x64.Build.0 = Debug|x64
		{AAA94269-B8CF-4410-871A-F017DFF8154D}.Debug|x86.ActiveCfg = Debug|Win32
		{AAA94269-B8CF-4410-871A-F017DFF8154D}.Debug|x86.Build.0 = Debug|Win32
		{AAA94269-B8CF-4410-871A-F017DFF8154D}.Release|x64.ActiveCfg = Release|x64
		{AAA94269-B8CF-4410-871A-F017DFF8154D}.Release|x64.Build.0 = Release|x64
		{AAA94269-B8CF-4410-871A-F017DFF8154D}.Release|x86.ActiveCfg = Release|Win32
		{AAA94269-B8CF-4410-871A-F017DFF8154D}.Release|x86.Build.0 = Release|Win32
	EndGlobalSection
	GlobalSection(SolutionProperties) = preSolution
		HideSolutionNode = FALSE
	EndGlobalSection
	GlobalSection(ExtensibilityGlobals) = postSolution
		SolutionGuid = {4DE0181B-3B7B-4485-9C7E-15F9A141DC0C}
	EndGlobalSection
EndGlobal
