
Microsoft Visual Studio Solution File, Format Version 12.00
# Visual Studio Version 16
VisualStudioVersion = 16.0.33130.400
MinimumVisualStudioVersion = 10.0.40219.1
Project("{8BC9CEB8-8B4A-11D0-8D11-00A0C91BC942}") = "2178-미로탐색", "2178-미로탐색\2178-미로탐색.vcxproj", "{F8626D44-9127-4DFA-8BC7-97DAD6BDFB13}"
EndProject
Project("{8BC9CEB8-8B4A-11D0-8D11-00A0C91BC942}") = "1012-유기농 배추", "1012-유기농 배추\1012-유기농 배추.vcxproj", "{0E0B3D14-8731-4EC1-8C4F-345CC4CA5325}"
EndProject
Project("{8BC9CEB8-8B4A-11D0-8D11-00A0C91BC942}") = "2468-안전영역", "2468-안전영역\2468-안전영역.vcxproj", "{4D74D15F-9362-4420-82A7-72BA293E3F9F}"
EndProject
Project("{8BC9CEB8-8B4A-11D0-8D11-00A0C91BC942}") = "2583-영역구하기", "2583-영역구하기\2583-영역구하기.vcxproj", "{D208F6FA-1B92-41B6-B026-2DA890E05337}"
EndProject
Project("{8BC9CEB8-8B4A-11D0-8D11-00A0C91BC942}") = "1992-쿼드트리", "1992-쿼드트리\1992-쿼드트리.vcxproj", "{056DA232-59EC-4FA9-88E1-D129A22B39B1}"
EndProject
Project("{8BC9CEB8-8B4A-11D0-8D11-00A0C91BC942}") = "2828-사과담기게임", "2828-사과담기게임\2828-사과담기게임.vcxproj", "{9125AD3E-6843-41F7-8A36-262E89D98CA9}"
EndProject
Project("{8BC9CEB8-8B4A-11D0-8D11-00A0C91BC942}") = "2910-빈도정렬", "2910-빈도정렬\2910-빈도정렬.vcxproj", "{AAA94269-B8CF-4410-871A-F017DFF8154D}"
EndProject
Project("{8BC9CEB8-8B4A-11D0-8D11-00A0C91BC942}") = "4659-비밀번호발음하기", "4659-비밀번호발음하기\4659-비밀번호발음하기.vcxproj", "{A14FB46C-FCF8-40A3-8877-F6BB7700B49F}"
EndProject
Project("{8BC9CEB8-8B4A-11D0-8D11-00A0C91BC942}") = "2870-수학숙제", "2870-수학숙제\2870-수학숙제.vcxproj", "{337A4458-921C-4FF2-9FD2-71BA493BB111}"
EndProject
Project("{8BC9CEB8-8B4A-11D0-8D11-00A0C91BC942}") = "10709-기상캐스터", "10709-기상캐스터\10709-기상캐스터.vcxproj", "{CA05EBAD-E112-44FD-81D0-60B43B191481}"
EndProject
Project("{8BC9CEB8-8B4A-11D0-8D11-00A0C91BC942}") = "2852번-NBA농구", "2852번-NBA농구\2852번-NBA농구.vcxproj", "{AB3F438A-9660-4B15-9DB7-576A2388D234}"
EndProject
Project("{8BC9CEB8-8B4A-11D0-8D11-00A0C91BC942}") = "1436-영화감독숌", "1436-영화감독숌\1436-영화감독숌.vcxproj", "{C10D6D07-084C-47F0-86A5-686A8753DBBA}"
EndProject
Project("{8BC9CEB8-8B4A-11D0-8D11-00A0C91BC942}") = "9012-괄호", "9012-괄호\9012-괄호.vcxproj", "{15F7C054-F18A-4850-9835-B7087C1F781B}"
EndProject
Project("{8BC9CEB8-8B4A-11D0-8D11-00A0C91BC942}") = "4949-균형잡힌세상", "4949-균형잡힌세상\4949-균형잡힌세상.vcxproj", "{EFCE024D-4C86-4F27-9BE5-7B20220075AB}"
EndProject
Project("{8BC9CEB8-8B4A-11D0-8D11-00A0C91BC942}") = "14502-연구소", "14502-연구소\14502-연구소.vcxproj", "{11E2A217-1F4E-46F8-B468-327D7B26C143}"
EndProject
Project("{8BC9CEB8-8B4A-11D0-8D11-00A0C91BC942}") = "2636-치즈", "2636-치즈\2636-치즈.vcxproj", "{BF784E18-757A-486F-AB7D-1808E6AE416B}"
EndProject
Project("{8BC9CEB8-8B4A-11D0-8D11-00A0C91BC942}") = "1068-트리", "1068-트리\1068-트리.vcxproj", "{B396ECFA-03EA-4155-AAE8-084EEF262B5D}"
EndProject
Project("{8BC9CEB8-8B4A-11D0-8D11-00A0C91BC942}") = "1325-효율적인해킹", "1325-효율적인해킹\1325-효율적인해킹.vcxproj", "{93272B37-4E32-421D-A7E7-A5A99E465951}"
EndProject
Project("{8BC9CEB8-8B4A-11D0-8D11-00A0C91BC942}") = "17298-오큰수", "17298-오큰수\17298-오큰수.vcxproj", "{23686F04-7587-4C04-A07D-7F5A3E476A25}"
EndProject
Global
	GlobalSection(SolutionConfigurationPlatforms) = preSolution
		Debug|x64 = Debug|x64
		Debug|x86 = Debug|x86
		Release|x64 = Release|x64
		Release|x86 = Release|x86
	EndGlobalSection
	GlobalSection(ProjectConfigurationPlatforms) = postSolution
		{F8626D44-9127-4DFA-8BC7-97DAD6BDFB13}.Debug|x64.ActiveCfg = Debug|x64
		{F8626D44-9127-4DFA-8BC7-97DAD6BDFB13}.Debug|x64.Build.0 = Debug|x64
		{F8626D44-9127-4DFA-8BC7-97DAD6BDFB13}.Debug|x86.ActiveCfg = Debug|Win32
		{F8626D44-9127-4DFA-8BC7-97DAD6BDFB13}.Debug|x86.Build.0 = Debug|Win32
		{F8626D44-9127-4DFA-8BC7-97DAD6BDFB13}.Release|x64.ActiveCfg = Release|x64
		{F8626D44-9127-4DFA-8BC7-97DAD6BDFB13}.Release|x64.Build.0 = Release|x64
		{F8626D44-9127-4DFA-8BC7-97DAD6BDFB13}.Release|x86.ActiveCfg = Release|Win32
		{F8626D44-9127-4DFA-8BC7-97DAD6BDFB13}.Release|x86.Build.0 = Release|Win32
		{0E0B3D14-8731-4EC1-8C4F-345CC4CA5325}.Debug|x64.ActiveCfg = Debug|x64
		{0E0B3D14-8731-4EC1-8C4F-345CC4CA5325}.Debug|x64.Build.0 = Debug|x64
		{0E0B3D14-8731-4EC1-8C4F-345CC4CA5325}.Debug|x86.ActiveCfg = Debug|Win32
		{0E0B3D14-8731-4EC1-8C4F-345CC4CA5325}.Debug|x86.Build.0 = Debug|Win32
		{0E0B3D14-8731-4EC1-8C4F-345CC4CA5325}.Release|x64.ActiveCfg = Release|x64
		{0E0B3D14-8731-4EC1-8C4F-345CC4CA5325}.Release|x64.Build.0 = Release|x64
		{0E0B3D14-8731-4EC1-8C4F-345CC4CA5325}.Release|x86.ActiveCfg = Release|Win32
		{0E0B3D14-8731-4EC1-8C4F-345CC4CA5325}.Release|x86.Build.0 = Release|Win32
		{4D74D15F-9362-4420-82A7-72BA293E3F9F}.Debug|x64.ActiveCfg = Debug|x64
		{4D74D15F-9362-4420-82A7-72BA293E3F9F}.Debug|x64.Build.0 = Debug|x64
		{4D74D15F-9362-4420-82A7-72BA293E3F9F}.Debug|x86.ActiveCfg = Debug|Win32
		{4D74D15F-9362-4420-82A7-72BA293E3F9F}.Debug|x86.Build.0 = Debug|Win32
		{4D74D15F-9362-4420-82A7-72BA293E3F9F}.Release|x64.ActiveCfg = Release|x64
		{4D74D15F-9362-4420-82A7-72BA293E3F9F}.Release|x64.Build.0 = Release|x64
		{4D74D15F-9362-4420-82A7-72BA293E3F9F}.Release|x86.ActiveCfg = Release|Win32
		{4D74D15F-9362-4420-82A7-72BA293E3F9F}.Release|x86.Build.0 = Release|Win32
		{D208F6FA-1B92-41B6-B026-2DA890E05337}.Debug|x64.ActiveCfg = Debug|x64
		{D208F6FA-1B92-41B6-B026-2DA890E05337}.Debug|x64.Build.0 = Debug|x64
		{D208F6FA-1B92-41B6-B026-2DA890E05337}.Debug|x86.ActiveCfg = Debug|Win32
		{D208F6FA-1B92-41B6-B026-2DA890E05337}.Debug|x86.Build.0 = Debug|Win32
		{D208F6FA-1B92-41B6-B026-2DA890E05337}.Release|x64.ActiveCfg = Release|x64
		{D208F6FA-1B92-41B6-B026-2DA890E05337}.Release|x64.Build.0 = Release|x64
		{D208F6FA-1B92-41B6-B026-2DA890E05337}.Release|x86.ActiveCfg = Release|Win32
		{D208F6FA-1B92-41B6-B026-2DA890E05337}.Release|x86.Build.0 = Release|Win32
		{056DA232-59EC-4FA9-88E1-D129A22B39B1}.Debug|x64.ActiveCfg = Debug|x64
		{056DA232-59EC-4FA9-88E1-D129A22B39B1}.Debug|x64.Build.0 = Debug|x64
		{056DA232-59EC-4FA9-88E1-D129A22B39B1}.Debug|x86.ActiveCfg = Debug|Win32
		{056DA232-59EC-4FA9-88E1-D129A22B39B1}.Debug|x86.Build.0 = Debug|Win32
		{056DA232-59EC-4FA9-88E1-D129A22B39B1}.Release|x64.ActiveCfg = Release|x64
		{056DA232-59EC-4FA9-88E1-D129A22B39B1}.Release|x64.Build.0 = Release|x64
		{056DA232-59EC-4FA9-88E1-D129A22B39B1}.Release|x86.ActiveCfg = Release|Win32
		{056DA232-59EC-4FA9-88E1-D129A22B39B1}.Release|x86.Build.0 = Release|Win32
		{9125AD3E-6843-41F7-8A36-262E89D98CA9}.Debug|x64.ActiveCfg = Debug|x64
		{9125AD3E-6843-41F7-8A36-262E89D98CA9}.Debug|x64.Build.0 = Debug|x64
		{9125AD3E-6843-41F7-8A36-262E89D98CA9}.Debug|x86.ActiveCfg = Debug|Win32
		{9125AD3E-6843-41F7-8A36-262E89D98CA9}.Debug|x86.Build.0 = Debug|Win32
		{9125AD3E-6843-41F7-8A36-262E89D98CA9}.Release|x64.ActiveCfg = Release|x64
		{9125AD3E-6843-41F7-8A36-262E89D98CA9}.Release|x64.Build.0 = Release|x64
		{9125AD3E-6843-41F7-8A36-262E89D98CA9}.Release|x86.ActiveCfg = Release|Win32
		{9125AD3E-6843-41F7-8A36-262E89D98CA9}.Release|x86.Build.0 = Release|Win32
		{AAA94269-B8CF-4410-871A-F017DFF8154D}.Debug|x64.ActiveCfg = Debug|x64
		{AAA94269-B8CF-4410-871A-F017DFF8154D}.Debug|x64.Build.0 = Debug|x64
		{AAA94269-B8CF-4410-871A-F017DFF8154D}.Debug|x86.ActiveCfg = Debug|Win32
		{AAA94269-B8CF-4410-871A-F017DFF8154D}.Debug|x86.Build.0 = Debug|Win32
		{AAA94269-B8CF-4410-871A-F017DFF8154D}.Release|x64.ActiveCfg = Release|x64
		{AAA94269-B8CF-4410-871A-F017DFF8154D}.Release|x64.Build.0 = Release|x64
		{AAA94269-B8CF-4410-871A-F017DFF8154D}.Release|x86.ActiveCfg = Release|Win32
		{AAA94269-B8CF-4410-871A-F017DFF8154D}.Release|x86.Build.0 = Release|Win32
		{A14FB46C-FCF8-40A3-8877-F6BB7700B49F}.Debug|x64.ActiveCfg = Debug|x64
		{A14FB46C-FCF8-40A3-8877-F6BB7700B49F}.Debug|x64.Build.0 = Debug|x64
		{A14FB46C-FCF8-40A3-8877-F6BB7700B49F}.Debug|x86.ActiveCfg = Debug|Win32
		{A14FB46C-FCF8-40A3-8877-F6BB7700B49F}.Debug|x86.Build.0 = Debug|Win32
		{A14FB46C-FCF8-40A3-8877-F6BB7700B49F}.Release|x64.ActiveCfg = Release|x64
		{A14FB46C-FCF8-40A3-8877-F6BB7700B49F}.Release|x64.Build.0 = Release|x64
		{A14FB46C-FCF8-40A3-8877-F6BB7700B49F}.Release|x86.ActiveCfg = Release|Win32
		{A14FB46C-FCF8-40A3-8877-F6BB7700B49F}.Release|x86.Build.0 = Release|Win32
		{337A4458-921C-4FF2-9FD2-71BA493BB111}.Debug|x64.ActiveCfg = Debug|x64
		{337A4458-921C-4FF2-9FD2-71BA493BB111}.Debug|x64.Build.0 = Debug|x64
		{337A4458-921C-4FF2-9FD2-71BA493BB111}.Debug|x86.ActiveCfg = Debug|Win32
		{337A4458-921C-4FF2-9FD2-71BA493BB111}.Debug|x86.Build.0 = Debug|Win32
		{337A4458-921C-4FF2-9FD2-71BA493BB111}.Release|x64.ActiveCfg = Release|x64
		{337A4458-921C-4FF2-9FD2-71BA493BB111}.Release|x64.Build.0 = Release|x64
		{337A4458-921C-4FF2-9FD2-71BA493BB111}.Release|x86.ActiveCfg = Release|Win32
		{337A4458-921C-4FF2-9FD2-71BA493BB111}.Release|x86.Build.0 = Release|Win32
		{CA05EBAD-E112-44FD-81D0-60B43B191481}.Debug|x64.ActiveCfg = Debug|x64
		{CA05EBAD-E112-44FD-81D0-60B43B191481}.Debug|x64.Build.0 = Debug|x64
		{CA05EBAD-E112-44FD-81D0-60B43B191481}.Debug|x86.ActiveCfg = Debug|Win32
		{CA05EBAD-E112-44FD-81D0-60B43B191481}.Debug|x86.Build.0 = Debug|Win32
		{CA05EBAD-E112-44FD-81D0-60B43B191481}.Release|x64.ActiveCfg = Release|x64
		{CA05EBAD-E112-44FD-81D0-60B43B191481}.Release|x64.Build.0 = Release|x64
		{CA05EBAD-E112-44FD-81D0-60B43B191481}.Release|x86.ActiveCfg = Release|Win32
		{CA05EBAD-E112-44FD-81D0-60B43B191481}.Release|x86.Build.0 = Release|Win32
		{AB3F438A-9660-4B15-9DB7-576A2388D234}.Debug|x64.ActiveCfg = Debug|x64
		{AB3F438A-9660-4B15-9DB7-576A2388D234}.Debug|x64.Build.0 = Debug|x64
		{AB3F438A-9660-4B15-9DB7-576A2388D234}.Debug|x86.ActiveCfg = Debug|Win32
		{AB3F438A-9660-4B15-9DB7-576A2388D234}.Debug|x86.Build.0 = Debug|Win32
		{AB3F438A-9660-4B15-9DB7-576A2388D234}.Release|x64.ActiveCfg = Release|x64
		{AB3F438A-9660-4B15-9DB7-576A2388D234}.Release|x64.Build.0 = Release|x64
		{AB3F438A-9660-4B15-9DB7-576A2388D234}.Release|x86.ActiveCfg = Release|Win32
		{AB3F438A-9660-4B15-9DB7-576A2388D234}.Release|x86.Build.0 = Release|Win32
		{C10D6D07-084C-47F0-86A5-686A8753DBBA}.Debug|x64.ActiveCfg = Debug|x64
		{C10D6D07-084C-47F0-86A5-686A8753DBBA}.Debug|x64.Build.0 = Debug|x64
		{C10D6D07-084C-47F0-86A5-686A8753DBBA}.Debug|x86.ActiveCfg = Debug|Win32
		{C10D6D07-084C-47F0-86A5-686A8753DBBA}.Debug|x86.Build.0 = Debug|Win32
		{C10D6D07-084C-47F0-86A5-686A8753DBBA}.Release|x64.ActiveCfg = Release|x64
		{C10D6D07-084C-47F0-86A5-686A8753DBBA}.Release|x64.Build.0 = Release|x64
		{C10D6D07-084C-47F0-86A5-686A8753DBBA}.Release|x86.ActiveCfg = Release|Win32
		{C10D6D07-084C-47F0-86A5-686A8753DBBA}.Release|x86.Build.0 = Release|Win32
		{15F7C054-F18A-4850-9835-B7087C1F781B}.Debug|x64.ActiveCfg = Debug|x64
		{15F7C054-F18A-4850-9835-B7087C1F781B}.Debug|x64.Build.0 = Debug|x64
		{15F7C054-F18A-4850-9835-B7087C1F781B}.Debug|x86.ActiveCfg = Debug|Win32
		{15F7C054-F18A-4850-9835-B7087C1F781B}.Debug|x86.Build.0 = Debug|Win32
		{15F7C054-F18A-4850-9835-B7087C1F781B}.Release|x64.ActiveCfg = Release|x64
		{15F7C054-F18A-4850-9835-B7087C1F781B}.Release|x64.Build.0 = Release|x64
		{15F7C054-F18A-4850-9835-B7087C1F781B}.Release|x86.ActiveCfg = Release|Win32
		{15F7C054-F18A-4850-9835-B7087C1F781B}.Release|x86.Build.0 = Release|Win32
		{EFCE024D-4C86-4F27-9BE5-7B20220075AB}.Debug|x64.ActiveCfg = Debug|x64
		{EFCE024D-4C86-4F27-9BE5-7B20220075AB}.Debug|x64.Build.0 = Debug|x64
		{EFCE024D-4C86-4F27-9BE5-7B20220075AB}.Debug|x86.ActiveCfg = Debug|Win32
		{EFCE024D-4C86-4F27-9BE5-7B20220075AB}.Debug|x86.Build.0 = Debug|Win32
		{EFCE024D-4C86-4F27-9BE5-7B20220075AB}.Release|x64.ActiveCfg = Release|x64
		{EFCE024D-4C86-4F27-9BE5-7B20220075AB}.Release|x64.Build.0 = Release|x64
		{EFCE024D-4C86-4F27-9BE5-7B20220075AB}.Release|x86.ActiveCfg = Release|Win32
		{EFCE024D-4C86-4F27-9BE5-7B20220075AB}.Release|x86.Build.0 = Release|Win32
		{11E2A217-1F4E-46F8-B468-327D7B26C143}.Debug|x64.ActiveCfg = Debug|x64
		{11E2A217-1F4E-46F8-B468-327D7B26C143}.Debug|x64.Build.0 = Debug|x64
		{11E2A217-1F4E-46F8-B468-327D7B26C143}.Debug|x86.ActiveCfg = Debug|Win32
		{11E2A217-1F4E-46F8-B468-327D7B26C143}.Debug|x86.Build.0 = Debug|Win32
		{11E2A217-1F4E-46F8-B468-327D7B26C143}.Release|x64.ActiveCfg = Release|x64
		{11E2A217-1F4E-46F8-B468-327D7B26C143}.Release|x64.Build.0 = Release|x64
		{11E2A217-1F4E-46F8-B468-327D7B26C143}.Release|x86.ActiveCfg = Release|Win32
		{11E2A217-1F4E-46F8-B468-327D7B26C143}.Release|x86.Build.0 = Release|Win32
		{BF784E18-757A-486F-AB7D-1808E6AE416B}.Debug|x64.ActiveCfg = Debug|x64
		{BF784E18-757A-486F-AB7D-1808E6AE416B}.Debug|x64.Build.0 = Debug|x64
		{BF784E18-757A-486F-AB7D-1808E6AE416B}.Debug|x86.ActiveCfg = Debug|Win32
		{BF784E18-757A-486F-AB7D-1808E6AE416B}.Debug|x86.Build.0 = Debug|Win32
		{BF784E18-757A-486F-AB7D-1808E6AE416B}.Release|x64.ActiveCfg = Release|x64
		{BF784E18-757A-486F-AB7D-1808E6AE416B}.Release|x64.Build.0 = Release|x64
		{BF784E18-757A-486F-AB7D-1808E6AE416B}.Release|x86.ActiveCfg = Release|Win32
		{BF784E18-757A-486F-AB7D-1808E6AE416B}.Release|x86.Build.0 = Release|Win32
		{B396ECFA-03EA-4155-AAE8-084EEF262B5D}.Debug|x64.ActiveCfg = Debug|x64
		{B396ECFA-03EA-4155-AAE8-084EEF262B5D}.Debug|x64.Build.0 = Debug|x64
		{B396ECFA-03EA-4155-AAE8-084EEF262B5D}.Debug|x86.ActiveCfg = Debug|Win32
		{B396ECFA-03EA-4155-AAE8-084EEF262B5D}.Debug|x86.Build.0 = Debug|Win32
		{B396ECFA-03EA-4155-AAE8-084EEF262B5D}.Release|x64.ActiveCfg = Release|x64
		{B396ECFA-03EA-4155-AAE8-084EEF262B5D}.Release|x64.Build.0 = Release|x64
		{B396ECFA-03EA-4155-AAE8-084EEF262B5D}.Release|x86.ActiveCfg = Release|Win32
		{B396ECFA-03EA-4155-AAE8-084EEF262B5D}.Release|x86.Build.0 = Release|Win32
		{93272B37-4E32-421D-A7E7-A5A99E465951}.Debug|x64.ActiveCfg = Debug|x64
		{93272B37-4E32-421D-A7E7-A5A99E465951}.Debug|x64.Build.0 = Debug|x64
		{93272B37-4E32-421D-A7E7-A5A99E465951}.Debug|x86.ActiveCfg = Debug|Win32
		{93272B37-4E32-421D-A7E7-A5A99E465951}.Debug|x86.Build.0 = Debug|Win32
		{93272B37-4E32-421D-A7E7-A5A99E465951}.Release|x64.ActiveCfg = Release|x64
		{93272B37-4E32-421D-A7E7-A5A99E465951}.Release|x64.Build.0 = Release|x64
		{93272B37-4E32-421D-A7E7-A5A99E465951}.Release|x86.ActiveCfg = Release|Win32
		{93272B37-4E32-421D-A7E7-A5A99E465951}.Release|x86.Build.0 = Release|Win32
		{23686F04-7587-4C04-A07D-7F5A3E476A25}.Debug|x64.ActiveCfg = Debug|x64
		{23686F04-7587-4C04-A07D-7F5A3E476A25}.Debug|x64.Build.0 = Debug|x64
		{23686F04-7587-4C04-A07D-7F5A3E476A25}.Debug|x86.ActiveCfg = Debug|Win32
		{23686F04-7587-4C04-A07D-7F5A3E476A25}.Debug|x86.Build.0 = Debug|Win32
		{23686F04-7587-4C04-A07D-7F5A3E476A25}.Release|x64.ActiveCfg = Release|x64
		{23686F04-7587-4C04-A07D-7F5A3E476A25}.Release|x64.Build.0 = Release|x64
		{23686F04-7587-4C04-A07D-7F5A3E476A25}.Release|x86.ActiveCfg = Release|Win32
		{23686F04-7587-4C04-A07D-7F5A3E476A25}.Release|x86.Build.0 = Release|Win32
	EndGlobalSection
	GlobalSection(SolutionProperties) = preSolution
		HideSolutionNode = FALSE
	EndGlobalSection
	GlobalSection(ExtensibilityGlobals) = postSolution
		SolutionGuid = {4DE0181B-3B7B-4485-9C7E-15F9A141DC0C}
	EndGlobalSection
EndGlobal
